
Microsoft Visual Studio Solution File, Format Version 12.00
# Visual Studio Version 16
VisualStudioVersion = 16.6.30114.105
MinimumVisualStudioVersion = 10.0.40219.1
Project("{FAE04EC0-301F-11D3-BF4B-00C04F79EFBC}") = "Chapter_08_BasicAuth", "Chapter_08_BasicAuthClient\Chapter_08_BasicAuth.csproj", "{18FE9C9C-CD0A-4F34-8309-D627FC5B959F}"
EndProject
Project("{FAE04EC0-301F-11D3-BF4B-00C04F79EFBC}") = "Chapter_08_BasicAuthServer", "Chapter_08_BasicAuthServer\Chapter_08_BasicAuthServer.csproj", "{D7327D94-D8CF-4DB2-A6EB-E779B38F8E47}"
EndProject
Project("{FAE04EC0-301F-11D3-BF4B-00C04F79EFBC}") = "Chapter_08_BearerAuthClient", "Chapter_08_BearerAuthClient\Chapter_08_BearerAuthClient.csproj", "{D16D4D24-C90D-4180-BDDA-909CEE3BBFE2}"
EndProject
Project("{FAE04EC0-301F-11D3-BF4B-00C04F79EFBC}") = "Chapter_08_BearerAuthServer", "Chapter_08_BearerAuthServer\Chapter_08_BearerAuthServer.csproj", "{217A9557-F301-4999-9DAB-F7BA59B576D5}"
EndProject
Global
	GlobalSection(SolutionConfigurationPlatforms) = preSolution
		Debug|Any CPU = Debug|Any CPU
		Debug|x64 = Debug|x64
		Debug|x86 = Debug|x86
		Release|Any CPU = Release|Any CPU
		Release|x64 = Release|x64
		Release|x86 = Release|x86
	EndGlobalSection
	GlobalSection(SolutionProperties) = preSolution
		HideSolutionNode = FALSE
	EndGlobalSection
	GlobalSection(ProjectConfigurationPlatforms) = postSolution
		{18FE9C9C-CD0A-4F34-8309-D627FC5B959F}.Debug|Any CPU.ActiveCfg = Debug|Any CPU
		{18FE9C9C-CD0A-4F34-8309-D627FC5B959F}.Debug|Any CPU.Build.0 = Debug|Any CPU
		{18FE9C9C-CD0A-4F34-8309-D627FC5B959F}.Debug|x64.ActiveCfg = Debug|Any CPU
		{18FE9C9C-CD0A-4F34-8309-D627FC5B959F}.Debug|x64.Build.0 = Debug|Any CPU
		{18FE9C9C-CD0A-4F34-8309-D627FC5B959F}.Debug|x86.ActiveCfg = Debug|Any CPU
		{18FE9C9C-CD0A-4F34-8309-D627FC5B959F}.Debug|x86.Build.0 = Debug|Any CPU
		{18FE9C9C-CD0A-4F34-8309-D627FC5B959F}.Release|Any CPU.ActiveCfg = Release|Any CPU
		{18FE9C9C-CD0A-4F34-8309-D627FC5B959F}.Release|Any CPU.Build.0 = Release|Any CPU
		{18FE9C9C-CD0A-4F34-8309-D627FC5B959F}.Release|x64.ActiveCfg = Release|Any CPU
		{18FE9C9C-CD0A-4F34-8309-D627FC5B959F}.Release|x64.Build.0 = Release|Any CPU
		{18FE9C9C-CD0A-4F34-8309-D627FC5B959F}.Release|x86.ActiveCfg = Release|Any CPU
		{18FE9C9C-CD0A-4F34-8309-D627FC5B959F}.Release|x86.Build.0 = Release|Any CPU
		{D7327D94-D8CF-4DB2-A6EB-E779B38F8E47}.Debug|Any CPU.ActiveCfg = Debug|Any CPU
		{D7327D94-D8CF-4DB2-A6EB-E779B38F8E47}.Debug|Any CPU.Build.0 = Debug|Any CPU
		{D7327D94-D8CF-4DB2-A6EB-E779B38F8E47}.Debug|x64.ActiveCfg = Debug|Any CPU
		{D7327D94-D8CF-4DB2-A6EB-E779B38F8E47}.Debug|x64.Build.0 = Debug|Any CPU
		{D7327D94-D8CF-4DB2-A6EB-E779B38F8E47}.Debug|x86.ActiveCfg = Debug|Any CPU
		{D7327D94-D8CF-4DB2-A6EB-E779B38F8E47}.Debug|x86.Build.0 = Debug|Any CPU
		{D7327D94-D8CF-4DB2-A6EB-E779B38F8E47}.Release|Any CPU.ActiveCfg = Release|Any CPU
		{D7327D94-D8CF-4DB2-A6EB-E779B38F8E47}.Release|Any CPU.Build.0 = Release|Any CPU
		{D7327D94-D8CF-4DB2-A6EB-E779B38F8E47}.Release|x64.ActiveCfg = Release|Any CPU
		{D7327D94-D8CF-4DB2-A6EB-E779B38F8E47}.Release|x64.Build.0 = Release|Any CPU
		{D7327D94-D8CF-4DB2-A6EB-E779B38F8E47}.Release|x86.ActiveCfg = Release|Any CPU
		{D7327D94-D8CF-4DB2-A6EB-E779B38F8E47}.Release|x86.Build.0 = Release|Any CPU
		{D16D4D24-C90D-4180-BDDA-909CEE3BBFE2}.Debug|Any CPU.ActiveCfg = Debug|Any CPU
		{D16D4D24-C90D-4180-BDDA-909CEE3BBFE2}.Debug|Any CPU.Build.0 = Debug|Any CPU
		{D16D4D24-C90D-4180-BDDA-909CEE3BBFE2}.Debug|x64.ActiveCfg = Debug|Any CPU
		{D16D4D24-C90D-4180-BDDA-909CEE3BBFE2}.Debug|x64.Build.0 = Debug|Any CPU
		{D16D4D24-C90D-4180-BDDA-909CEE3BBFE2}.Debug|x86.ActiveCfg = Debug|Any CPU
		{D16D4D24-C90D-4180-BDDA-909CEE3BBFE2}.Debug|x86.Build.0 = Debug|Any CPU
		{D16D4D24-C90D-4180-BDDA-909CEE3BBFE2}.Release|Any CPU.ActiveCfg = Release|Any CPU
		{D16D4D24-C90D-4180-BDDA-909CEE3BBFE2}.Release|Any CPU.Build.0 = Release|Any CPU
		{D16D4D24-C90D-4180-BDDA-909CEE3BBFE2}.Release|x64.ActiveCfg = Release|Any CPU
		{D16D4D24-C90D-4180-BDDA-909CEE3BBFE2}.Release|x64.Build.0 = Release|Any CPU
		{D16D4D24-C90D-4180-BDDA-909CEE3BBFE2}.Release|x86.ActiveCfg = Release|Any CPU
		{D16D4D24-C90D-4180-BDDA-909CEE3BBFE2}.Release|x86.Build.0 = Release|Any CPU
		{217A9557-F301-4999-9DAB-F7BA59B576D5}.Debug|Any CPU.ActiveCfg = Debug|Any CPU
		{217A9557-F301-4999-9DAB-F7BA59B576D5}.Debug|Any CPU.Build.0 = Debug|Any CPU
		{217A9557-F301-4999-9DAB-F7BA59B576D5}.Debug|x64.ActiveCfg = Debug|Any CPU
		{217A9557-F301-4999-9DAB-F7BA59B576D5}.Debug|x64.Build.0 = Debug|Any CPU
		{217A9557-F301-4999-9DAB-F7BA59B576D5}.Debug|x86.ActiveCfg = Debug|Any CPU
		{217A9557-F301-4999-9DAB-F7BA59B576D5}.Debug|x86.Build.0 = Debug|Any CPU
		{217A9557-F301-4999-9DAB-F7BA59B576D5}.Release|Any CPU.ActiveCfg = Release|Any CPU
		{217A9557-F301-4999-9DAB-F7BA59B576D5}.Release|Any CPU.Build.0 = Release|Any CPU
		{217A9557-F301-4999-9DAB-F7BA59B576D5}.Release|x64.ActiveCfg = Release|Any CPU
		{217A9557-F301-4999-9DAB-F7BA59B576D5}.Release|x64.Build.0 = Release|Any CPU
		{217A9557-F301-4999-9DAB-F7BA59B576D5}.Release|x86.ActiveCfg = Release|Any CPU
		{217A9557-F301-4999-9DAB-F7BA59B576D5}.Release|x86.Build.0 = Release|Any CPU
	EndGlobalSection
EndGlobal
